
Microsoft Visual Studio Solution File, Format Version 12.00
# Visual Studio Version 16
VisualStudioVersion = 16.0.30717.126
MinimumVisualStudioVersion = 10.0.40219.1
Project("{9A19103F-16F7-4668-BE54-9A1E7A4F7556}") = "JetTask", "JetTask.csproj", "{7C08683D-CF1E-40F1-A19B-22B1A1C4A699}"
EndProject
Project("{9A19103F-16F7-4668-BE54-9A1E7A4F7556}") = "JetTask.Entities", "..\JetTask.Entities\JetTask.Entities.csproj", "{BDEBCF5C-35B9-4212-AD2A-31974CF749A8}"
EndProject
Project("{9A19103F-16F7-4668-BE54-9A1E7A4F7556}") = "JetTask.Data", "..\JetTask.Data\JetTask.Data.csproj", "{7A65235E-3553-40FF-9DEA-BB8CA4321B90}"
EndProject
Project("{9A19103F-16F7-4668-BE54-9A1E7A4F7556}") = "JetTask.Service", "..\JetTask.Service\JetTask.Service.csproj", "{A3004ABE-8D05-4B34-8048-764086F39F10}"
EndProject
Project("{2150E333-8FDC-42A3-9474-1A3956D46DE8}") = "Extensions", "Extensions", "{B5CA5775-3B43-4FF9-86DE-C869770FF7FB}"
EndProject
Project("{9A19103F-16F7-4668-BE54-9A1E7A4F7556}") = "ExpressMicroPermissions", "..\..\Invoices\Express-MicroPermissions-Library-master\ExpressMicroPermissions\ExpressMicroPermissions.csproj", "{6FB2C18B-70DB-4CB6-B5BD-41F3CFBBCAB6}"
EndProject
Project("{FAE04EC0-301F-11D3-BF4B-00C04F79EFBC}") = "PermissionSeeder", "..\PermissionSeeder\PermissionSeeder.csproj", "{E62A118E-22C9-4B11-8262-155184071586}"
EndProject
Global
	GlobalSection(SolutionConfigurationPlatforms) = preSolution
		Debug|Any CPU = Debug|Any CPU
		Release|Any CPU = Release|Any CPU
	EndGlobalSection
	GlobalSection(ProjectConfigurationPlatforms) = postSolution
		{7C08683D-CF1E-40F1-A19B-22B1A1C4A699}.Debug|Any CPU.ActiveCfg = Debug|Any CPU
		{7C08683D-CF1E-40F1-A19B-22B1A1C4A699}.Debug|Any CPU.Build.0 = Debug|Any CPU
		{7C08683D-CF1E-40F1-A19B-22B1A1C4A699}.Release|Any CPU.ActiveCfg = Release|Any CPU
		{7C08683D-CF1E-40F1-A19B-22B1A1C4A699}.Release|Any CPU.Build.0 = Release|Any CPU
		{BDEBCF5C-35B9-4212-AD2A-31974CF749A8}.Debug|Any CPU.ActiveCfg = Debug|Any CPU
		{BDEBCF5C-35B9-4212-AD2A-31974CF749A8}.Debug|Any CPU.Build.0 = Debug|Any CPU
		{BDEBCF5C-35B9-4212-AD2A-31974CF749A8}.Release|Any CPU.ActiveCfg = Release|Any CPU
		{BDEBCF5C-35B9-4212-AD2A-31974CF749A8}.Release|Any CPU.Build.0 = Release|Any CPU
		{7A65235E-3553-40FF-9DEA-BB8CA4321B90}.Debug|Any CPU.ActiveCfg = Debug|Any CPU
		{7A65235E-3553-40FF-9DEA-BB8CA4321B90}.Debug|Any CPU.Build.0 = Debug|Any CPU
		{7A65235E-3553-40FF-9DEA-BB8CA4321B90}.Release|Any CPU.ActiveCfg = Release|Any CPU
		{7A65235E-3553-40FF-9DEA-BB8CA4321B90}.Release|Any CPU.Build.0 = Release|Any CPU
		{A3004ABE-8D05-4B34-8048-764086F39F10}.Debug|Any CPU.ActiveCfg = Debug|Any CPU
		{A3004ABE-8D05-4B34-8048-764086F39F10}.Debug|Any CPU.Build.0 = Debug|Any CPU
		{A3004ABE-8D05-4B34-8048-764086F39F10}.Release|Any CPU.ActiveCfg = Release|Any CPU
		{A3004ABE-8D05-4B34-8048-764086F39F10}.Release|Any CPU.Build.0 = Release|Any CPU
		{6FB2C18B-70DB-4CB6-B5BD-41F3CFBBCAB6}.Debug|Any CPU.ActiveCfg = Debug|Any CPU
		{6FB2C18B-70DB-4CB6-B5BD-41F3CFBBCAB6}.Debug|Any CPU.Build.0 = Debug|Any CPU
		{6FB2C18B-70DB-4CB6-B5BD-41F3CFBBCAB6}.Release|Any CPU.ActiveCfg = Release|Any CPU
		{6FB2C18B-70DB-4CB6-B5BD-41F3CFBBCAB6}.Release|Any CPU.Build.0 = Release|Any CPU
		{E62A118E-22C9-4B11-8262-155184071586}.Debug|Any CPU.ActiveCfg = Debug|Any CPU
		{E62A118E-22C9-4B11-8262-155184071586}.Debug|Any CPU.Build.0 = Debug|Any CPU
		{E62A118E-22C9-4B11-8262-155184071586}.Release|Any CPU.ActiveCfg = Release|Any CPU
		{E62A118E-22C9-4B11-8262-155184071586}.Release|Any CPU.Build.0 = Release|Any CPU
	EndGlobalSection
	GlobalSection(SolutionProperties) = preSolution
		HideSolutionNode = FALSE
	EndGlobalSection
	GlobalSection(NestedProjects) = preSolution
		{6FB2C18B-70DB-4CB6-B5BD-41F3CFBBCAB6} = {B5CA5775-3B43-4FF9-86DE-C869770FF7FB}
		{E62A118E-22C9-4B11-8262-155184071586} = {B5CA5775-3B43-4FF9-86DE-C869770FF7FB}
	EndGlobalSection
	GlobalSection(ExtensibilityGlobals) = postSolution
		SolutionGuid = {7279E51F-364E-4AA7-805F-22B80A0AF50F}
	EndGlobalSection
EndGlobal
